
Microsoft Visual Studio Solution File, Format Version 12.00
# Visual Studio Version 17
VisualStudioVersion = 17.4.33213.308
MinimumVisualStudioVersion = 10.0.40219.1
Project("{FAE04EC0-301F-11D3-BF4B-00C04F79EFBC}") = "Vheos.Mods.Outward", "Vheos.Mods.Outward.csproj", "{8A6955C4-5D74-4FBF-988E-F8AD12C2FC8C}"
EndProject
Global
	GlobalSection(SolutionConfigurationPlatforms) = preSolution
		-|Any CPU = -|Any CPU
		RELEASE_UNITY|Any CPU = RELEASE_UNITY|Any CPU
		UNITY|Any CPU = UNITY|Any CPU
	EndGlobalSection
	GlobalSection(ProjectConfigurationPlatforms) = postSolution
		{8A6955C4-5D74-4FBF-988E-F8AD12C2FC8C}.-|Any CPU.ActiveCfg = -|Any CPU
		{8A6955C4-5D74-4FBF-988E-F8AD12C2FC8C}.-|Any CPU.Build.0 = -|Any CPU
		{8A6955C4-5D74-4FBF-988E-F8AD12C2FC8C}.RELEASE_UNITY|Any CPU.ActiveCfg = RELEASE_UNITY|Any CPU
		{8A6955C4-5D74-4FBF-988E-F8AD12C2FC8C}.RELEASE_UNITY|Any CPU.Build.0 = RELEASE_UNITY|Any CPU
		{8A6955C4-5D74-4FBF-988E-F8AD12C2FC8C}.UNITY|Any CPU.ActiveCfg = UNITY|Any CPU
		{8A6955C4-5D74-4FBF-988E-F8AD12C2FC8C}.UNITY|Any CPU.Build.0 = UNITY|Any CPU
	EndGlobalSection
	GlobalSection(SolutionProperties) = preSolution
		HideSolutionNode = FALSE
	EndGlobalSection
	GlobalSection(ExtensibilityGlobals) = postSolution
		SolutionGuid = {8E8E7D35-E58C-47E8-9C8C-8F3BB049774D}
	EndGlobalSection
EndGlobal
