
Microsoft Visual Studio Solution File, Format Version 12.00
# Visual Studio Version 17
VisualStudioVersion = 17.4.33213.308
MinimumVisualStudioVersion = 10.0.40219.1
Project("{FAE04EC0-301F-11D3-BF4B-00C04F79EFBC}") = "Vheos.Mods.Outward", "Vheos.Mods.Outward.csproj", "{8A6955C4-5D74-4FBF-988E-F8AD12C2FC8C}"
EndProject
Project("{FAE04EC0-301F-11D3-BF4B-00C04F79EFBC}") = "Vheos.Tools.TraitEqualizer", "Libs\TraitEqualizer\Vheos.Tools.TraitEqualizer.csproj", "{DC297E8A-F472-458E-892F-C5985B4CEF8E}"
EndProject
Project("{FAE04EC0-301F-11D3-BF4B-00C04F79EFBC}") = "Vheos.Mods.Core", "Libs\Core\Vheos.Mods.Core.csproj", "{C4989977-8132-4ECE-80C9-DBB7BC36D98F}"
EndProject
Project("{FAE04EC0-301F-11D3-BF4B-00C04F79EFBC}") = "Vheos.Helpers", "Libs\Helpers\Vheos.Helpers.csproj", "{74B61806-6F02-4F3F-B795-BFA76E85162E}"
EndProject
Global
	GlobalSection(SolutionConfigurationPlatforms) = preSolution
		-|Any CPU = -|Any CPU
		RELEASE_UNITY|Any CPU = RELEASE_UNITY|Any CPU
		UNITY|Any CPU = UNITY|Any CPU
	EndGlobalSection
	GlobalSection(ProjectConfigurationPlatforms) = postSolution
		{8A6955C4-5D74-4FBF-988E-F8AD12C2FC8C}.-|Any CPU.ActiveCfg = -|Any CPU
		{8A6955C4-5D74-4FBF-988E-F8AD12C2FC8C}.-|Any CPU.Build.0 = -|Any CPU
		{8A6955C4-5D74-4FBF-988E-F8AD12C2FC8C}.RELEASE_UNITY|Any CPU.ActiveCfg = UNITY|Any CPU
		{8A6955C4-5D74-4FBF-988E-F8AD12C2FC8C}.RELEASE_UNITY|Any CPU.Build.0 = UNITY|Any CPU
		{8A6955C4-5D74-4FBF-988E-F8AD12C2FC8C}.UNITY|Any CPU.ActiveCfg = UNITY|Any CPU
		{8A6955C4-5D74-4FBF-988E-F8AD12C2FC8C}.UNITY|Any CPU.Build.0 = UNITY|Any CPU
		{DC297E8A-F472-458E-892F-C5985B4CEF8E}.-|Any CPU.ActiveCfg = UNITY|Any CPU
		{DC297E8A-F472-458E-892F-C5985B4CEF8E}.RELEASE_UNITY|Any CPU.ActiveCfg = UNITY|Any CPU
		{DC297E8A-F472-458E-892F-C5985B4CEF8E}.RELEASE_UNITY|Any CPU.Build.0 = UNITY|Any CPU
		{DC297E8A-F472-458E-892F-C5985B4CEF8E}.UNITY|Any CPU.ActiveCfg = UNITY|Any CPU
		{DC297E8A-F472-458E-892F-C5985B4CEF8E}.UNITY|Any CPU.Build.0 = UNITY|Any CPU
		{C4989977-8132-4ECE-80C9-DBB7BC36D98F}.-|Any CPU.ActiveCfg = RELEASE_UNITY|Any CPU
		{C4989977-8132-4ECE-80C9-DBB7BC36D98F}.RELEASE_UNITY|Any CPU.ActiveCfg = UNITY|Any CPU
		{C4989977-8132-4ECE-80C9-DBB7BC36D98F}.RELEASE_UNITY|Any CPU.Build.0 = UNITY|Any CPU
		{C4989977-8132-4ECE-80C9-DBB7BC36D98F}.UNITY|Any CPU.ActiveCfg = UNITY|Any CPU
		{74B61806-6F02-4F3F-B795-BFA76E85162E}.-|Any CPU.ActiveCfg = RELEASE_UNITY|Any CPU
		{74B61806-6F02-4F3F-B795-BFA76E85162E}.RELEASE_UNITY|Any CPU.ActiveCfg = UNITY|Any CPU
		{74B61806-6F02-4F3F-B795-BFA76E85162E}.RELEASE_UNITY|Any CPU.Build.0 = UNITY|Any CPU
		{74B61806-6F02-4F3F-B795-BFA76E85162E}.UNITY|Any CPU.ActiveCfg = UNITY|Any CPU
	EndGlobalSection
	GlobalSection(SolutionProperties) = preSolution
		HideSolutionNode = FALSE
	EndGlobalSection
	GlobalSection(ExtensibilityGlobals) = postSolution
		SolutionGuid = {8E8E7D35-E58C-47E8-9C8C-8F3BB049774D}
	EndGlobalSection
EndGlobal
